
Microsoft Visual Studio Solution File, Format Version 12.00
# Visual Studio Version 16
VisualStudioVersion = 16.0.29926.136
MinimumVisualStudioVersion = 10.0.40219.1
Project("{FAE04EC0-301F-11D3-BF4B-00C04F79EFBC}") = "Exercicio_5.Android", "Exercicio_5\Exercicio_5.Android\Exercicio_5.Android.csproj", "{9322FACD-317A-47E7-A93A-17FE3D05AD9D}"
EndProject
Project("{FAE04EC0-301F-11D3-BF4B-00C04F79EFBC}") = "Exercicio_5.iOS", "Exercicio_5\Exercicio_5.iOS\Exercicio_5.iOS.csproj", "{F4E55260-9354-48EF-B3FA-100871DF2F82}"
EndProject
Project("{FAE04EC0-301F-11D3-BF4B-00C04F79EFBC}") = "Exercicio_5", "Exercicio_5\Exercicio_5\Exercicio_5.csproj", "{93F9BEA1-1796-4B91-A4C8-9862A774E918}"
EndProject
Global
	GlobalSection(SolutionConfigurationPlatforms) = preSolution
		Debug|Any CPU = Debug|Any CPU
		Debug|iPhone = Debug|iPhone
		Debug|iPhoneSimulator = Debug|iPhoneSimulator
		Release|Any CPU = Release|Any CPU
		Release|iPhone = Release|iPhone
		Release|iPhoneSimulator = Release|iPhoneSimulator
	EndGlobalSection
	GlobalSection(ProjectConfigurationPlatforms) = postSolution
		{9322FACD-317A-47E7-A93A-17FE3D05AD9D}.Debug|Any CPU.ActiveCfg = Debug|Any CPU
		{9322FACD-317A-47E7-A93A-17FE3D05AD9D}.Debug|Any CPU.Build.0 = Debug|Any CPU
		{9322FACD-317A-47E7-A93A-17FE3D05AD9D}.Debug|Any CPU.Deploy.0 = Debug|Any CPU
		{9322FACD-317A-47E7-A93A-17FE3D05AD9D}.Debug|iPhone.ActiveCfg = Debug|Any CPU
		{9322FACD-317A-47E7-A93A-17FE3D05AD9D}.Debug|iPhone.Build.0 = Debug|Any CPU
		{9322FACD-317A-47E7-A93A-17FE3D05AD9D}.Debug|iPhone.Deploy.0 = Debug|Any CPU
		{9322FACD-317A-47E7-A93A-17FE3D05AD9D}.Debug|iPhoneSimulator.ActiveCfg = Debug|Any CPU
		{9322FACD-317A-47E7-A93A-17FE3D05AD9D}.Debug|iPhoneSimulator.Build.0 = Debug|Any CPU
		{9322FACD-317A-47E7-A93A-17FE3D05AD9D}.Debug|iPhoneSimulator.Deploy.0 = Debug|Any CPU
		{9322FACD-317A-47E7-A93A-17FE3D05AD9D}.Release|Any CPU.ActiveCfg = Release|Any CPU
		{9322FACD-317A-47E7-A93A-17FE3D05AD9D}.Release|Any CPU.Build.0 = Release|Any CPU
		{9322FACD-317A-47E7-A93A-17FE3D05AD9D}.Release|Any CPU.Deploy.0 = Release|Any CPU
		{9322FACD-317A-47E7-A93A-17FE3D05AD9D}.Release|iPhone.ActiveCfg = Release|Any CPU
		{9322FACD-317A-47E7-A93A-17FE3D05AD9D}.Release|iPhone.Build.0 = Release|Any CPU
		{9322FACD-317A-47E7-A93A-17FE3D05AD9D}.Release|iPhone.Deploy.0 = Release|Any CPU
		{9322FACD-317A-47E7-A93A-17FE3D05AD9D}.Release|iPhoneSimulator.ActiveCfg = Release|Any CPU
		{9322FACD-317A-47E7-A93A-17FE3D05AD9D}.Release|iPhoneSimulator.Build.0 = Release|Any CPU
		{9322FACD-317A-47E7-A93A-17FE3D05AD9D}.Release|iPhoneSimulator.Deploy.0 = Release|Any CPU
		{F4E55260-9354-48EF-B3FA-100871DF2F82}.Debug|Any CPU.ActiveCfg = Debug|iPhone
		{F4E55260-9354-48EF-B3FA-100871DF2F82}.Debug|Any CPU.Build.0 = Debug|iPhone
		{F4E55260-9354-48EF-B3FA-100871DF2F82}.Debug|Any CPU.Deploy.0 = Debug|iPhone
		{F4E55260-9354-48EF-B3FA-100871DF2F82}.Debug|iPhone.ActiveCfg = Debug|iPhone
		{F4E55260-9354-48EF-B3FA-100871DF2F82}.Debug|iPhone.Build.0 = Debug|iPhone
		{F4E55260-9354-48EF-B3FA-100871DF2F82}.Debug|iPhone.Deploy.0 = Debug|iPhone
		{F4E55260-9354-48EF-B3FA-100871DF2F82}.Debug|iPhoneSimulator.ActiveCfg = Debug|iPhoneSimulator
		{F4E55260-9354-48EF-B3FA-100871DF2F82}.Debug|iPhoneSimulator.Build.0 = Debug|iPhoneSimulator
		{F4E55260-9354-48EF-B3FA-100871DF2F82}.Debug|iPhoneSimulator.Deploy.0 = Debug|iPhoneSimulator
		{F4E55260-9354-48EF-B3FA-100871DF2F82}.Release|Any CPU.ActiveCfg = Release|iPhone
		{F4E55260-9354-48EF-B3FA-100871DF2F82}.Release|Any CPU.Build.0 = Release|iPhone
		{F4E55260-9354-48EF-B3FA-100871DF2F82}.Release|Any CPU.Deploy.0 = Release|iPhone
		{F4E55260-9354-48EF-B3FA-100871DF2F82}.Release|iPhone.ActiveCfg = Release|iPhone
		{F4E55260-9354-48EF-B3FA-100871DF2F82}.Release|iPhone.Build.0 = Release|iPhone
		{F4E55260-9354-48EF-B3FA-100871DF2F82}.Release|iPhone.Deploy.0 = Release|iPhone
		{F4E55260-9354-48EF-B3FA-100871DF2F82}.Release|iPhoneSimulator.ActiveCfg = Release|iPhoneSimulator
		{F4E55260-9354-48EF-B3FA-100871DF2F82}.Release|iPhoneSimulator.Build.0 = Release|iPhoneSimulator
		{F4E55260-9354-48EF-B3FA-100871DF2F82}.Release|iPhoneSimulator.Deploy.0 = Release|iPhoneSimulator
		{93F9BEA1-1796-4B91-A4C8-9862A774E918}.Debug|Any CPU.ActiveCfg = Debug|Any CPU
		{93F9BEA1-1796-4B91-A4C8-9862A774E918}.Debug|Any CPU.Build.0 = Debug|Any CPU
		{93F9BEA1-1796-4B91-A4C8-9862A774E918}.Debug|Any CPU.Deploy.0 = Debug|Any CPU
		{93F9BEA1-1796-4B91-A4C8-9862A774E918}.Debug|iPhone.ActiveCfg = Debug|Any CPU
		{93F9BEA1-1796-4B91-A4C8-9862A774E918}.Debug|iPhone.Build.0 = Debug|Any CPU
		{93F9BEA1-1796-4B91-A4C8-9862A774E918}.Debug|iPhone.Deploy.0 = Debug|Any CPU
		{93F9BEA1-1796-4B91-A4C8-9862A774E918}.Debug|iPhoneSimulator.ActiveCfg = Debug|Any CPU
		{93F9BEA1-1796-4B91-A4C8-9862A774E918}.Debug|iPhoneSimulator.Build.0 = Debug|Any CPU
		{93F9BEA1-1796-4B91-A4C8-9862A774E918}.Debug|iPhoneSimulator.Deploy.0 = Debug|Any CPU
		{93F9BEA1-1796-4B91-A4C8-9862A774E918}.Release|Any CPU.ActiveCfg = Release|Any CPU
		{93F9BEA1-1796-4B91-A4C8-9862A774E918}.Release|Any CPU.Build.0 = Release|Any CPU
		{93F9BEA1-1796-4B91-A4C8-9862A774E918}.Release|Any CPU.Deploy.0 = Release|Any CPU
		{93F9BEA1-1796-4B91-A4C8-9862A774E918}.Release|iPhone.ActiveCfg = Release|Any CPU
		{93F9BEA1-1796-4B91-A4C8-9862A774E918}.Release|iPhone.Build.0 = Release|Any CPU
		{93F9BEA1-1796-4B91-A4C8-9862A774E918}.Release|iPhone.Deploy.0 = Release|Any CPU
		{93F9BEA1-1796-4B91-A4C8-9862A774E918}.Release|iPhoneSimulator.ActiveCfg = Release|Any CPU
		{93F9BEA1-1796-4B91-A4C8-9862A774E918}.Release|iPhoneSimulator.Build.0 = Release|Any CPU
		{93F9BEA1-1796-4B91-A4C8-9862A774E918}.Release|iPhoneSimulator.Deploy.0 = Release|Any CPU
	EndGlobalSection
	GlobalSection(SolutionProperties) = preSolution
		HideSolutionNode = FALSE
	EndGlobalSection
	GlobalSection(ExtensibilityGlobals) = postSolution
		SolutionGuid = {F9C7965B-EEE6-4B6F-8337-14CB67E3EA32}
	EndGlobalSection
EndGlobal
